
Microsoft Visual Studio Solution File, Format Version 12.00
# Visual Studio Version 16
VisualStudioVersion = 16.0.30320.27
MinimumVisualStudioVersion = 10.0.40219.1
Project("{9A19103F-16F7-4668-BE54-9A1E7A4F7556}") = "VQLibs.Relational.Repository", "src\VQLibs.Relational.Repository\VQLibs.Relational.Repository.csproj", "{98122AD0-3E5E-46A9-BC5E-CEAF3EC4FD0E}"
EndProject
Project("{9A19103F-16F7-4668-BE54-9A1E7A4F7556}") = "VQLibs.Relational.Entity", "src\VQLibs.Relational.Entity\VQLibs.Relational.Entity.csproj", "{4AD0455D-D94C-43B9-95E9-63DCFD861ABC}"
EndProject
Project("{9A19103F-16F7-4668-BE54-9A1E7A4F7556}") = "VQLibs.Relational.Specification", "src\VQLibs.Relational.Specification\VQLibs.Relational.Specification.csproj", "{7DDA7E93-A218-459A-9BB1-9836E74D175B}"
EndProject
Project("{9A19103F-16F7-4668-BE54-9A1E7A4F7556}") = "VQLibs.Relational.Service", "src\VQLibs.Relational.Service\VQLibs.Relational.Service.csproj", "{A0FDCFC8-39A3-407E-B256-34C91A8CAE68}"
EndProject
Project("{2150E333-8FDC-42A3-9474-1A3956D46DE8}") = "Relational", "Relational", "{C76D29C6-BAF4-49FD-BBDF-A4CFEB49F9B9}"
EndProject
Project("{2150E333-8FDC-42A3-9474-1A3956D46DE8}") = "Validation", "Validation", "{FA90EC89-841B-432C-A674-DAD1F03EF12C}"
EndProject
Project("{9A19103F-16F7-4668-BE54-9A1E7A4F7556}") = "VQLibs.Validation", "src\VQLibs.Validation\VQLibs.Validation.csproj", "{453D71FB-ABBB-4CAF-86E8-C92E0A25CEA2}"
EndProject
Project("{9A19103F-16F7-4668-BE54-9A1E7A4F7556}") = "VQLibs.Api", "src\VQLibs.Api\VQLibs.Api.csproj", "{E8633BA2-9DC9-45E8-B84F-09BA4B4B5DAF}"
EndProject
Project("{2150E333-8FDC-42A3-9474-1A3956D46DE8}") = "Api", "Api", "{86B9C6D4-0CCC-4AC1-B7DC-0188C602C0F5}"
EndProject
Project("{2150E333-8FDC-42A3-9474-1A3956D46DE8}") = "Util", "Util", "{DBFF3D14-31A2-45F4-890F-9AD5D356CCB3}"
EndProject
Project("{9A19103F-16F7-4668-BE54-9A1E7A4F7556}") = "VQLibs.Util.Crypt", "src\VQLibs.Util.Crypt\VQLibs.Util.Crypt.csproj", "{4C4D404A-D660-41E9-8B3D-4EDE50DF820A}"
EndProject
Project("{9A19103F-16F7-4668-BE54-9A1E7A4F7556}") = "VQLibs.Util.Extension", "src\VQLibs.Util.Extension\VQLibs.Util.Extension.csproj", "{A6367048-0FB7-4A08-B001-DC05B4CB5017}"
EndProject
Project("{2150E333-8FDC-42A3-9474-1A3956D46DE8}") = "src", "src", "{5ECA2574-82B2-47BD-87F5-43260BF93889}"
EndProject
Project("{2150E333-8FDC-42A3-9474-1A3956D46DE8}") = "test", "test", "{A3CACFA8-A4DA-4593-952E-814F095DF11A}"
EndProject
Project("{FAE04EC0-301F-11D3-BF4B-00C04F79EFBC}") = "VQLibs.Api.Models", "src\VQLibs.Api.Models\VQLibs.Api.Models.csproj", "{97C8DD32-3026-44F9-820E-D02488BD9462}"
EndProject
Global
	GlobalSection(SolutionConfigurationPlatforms) = preSolution
		Debug|Any CPU = Debug|Any CPU
		Release|Any CPU = Release|Any CPU
	EndGlobalSection
	GlobalSection(ProjectConfigurationPlatforms) = postSolution
		{98122AD0-3E5E-46A9-BC5E-CEAF3EC4FD0E}.Debug|Any CPU.ActiveCfg = Debug|Any CPU
		{98122AD0-3E5E-46A9-BC5E-CEAF3EC4FD0E}.Debug|Any CPU.Build.0 = Debug|Any CPU
		{98122AD0-3E5E-46A9-BC5E-CEAF3EC4FD0E}.Release|Any CPU.ActiveCfg = Release|Any CPU
		{98122AD0-3E5E-46A9-BC5E-CEAF3EC4FD0E}.Release|Any CPU.Build.0 = Release|Any CPU
		{4AD0455D-D94C-43B9-95E9-63DCFD861ABC}.Debug|Any CPU.ActiveCfg = Debug|Any CPU
		{4AD0455D-D94C-43B9-95E9-63DCFD861ABC}.Debug|Any CPU.Build.0 = Debug|Any CPU
		{4AD0455D-D94C-43B9-95E9-63DCFD861ABC}.Release|Any CPU.ActiveCfg = Release|Any CPU
		{4AD0455D-D94C-43B9-95E9-63DCFD861ABC}.Release|Any CPU.Build.0 = Release|Any CPU
		{7DDA7E93-A218-459A-9BB1-9836E74D175B}.Debug|Any CPU.ActiveCfg = Debug|Any CPU
		{7DDA7E93-A218-459A-9BB1-9836E74D175B}.Debug|Any CPU.Build.0 = Debug|Any CPU
		{7DDA7E93-A218-459A-9BB1-9836E74D175B}.Release|Any CPU.ActiveCfg = Release|Any CPU
		{7DDA7E93-A218-459A-9BB1-9836E74D175B}.Release|Any CPU.Build.0 = Release|Any CPU
		{A0FDCFC8-39A3-407E-B256-34C91A8CAE68}.Debug|Any CPU.ActiveCfg = Debug|Any CPU
		{A0FDCFC8-39A3-407E-B256-34C91A8CAE68}.Debug|Any CPU.Build.0 = Debug|Any CPU
		{A0FDCFC8-39A3-407E-B256-34C91A8CAE68}.Release|Any CPU.ActiveCfg = Release|Any CPU
		{A0FDCFC8-39A3-407E-B256-34C91A8CAE68}.Release|Any CPU.Build.0 = Release|Any CPU
		{453D71FB-ABBB-4CAF-86E8-C92E0A25CEA2}.Debug|Any CPU.ActiveCfg = Debug|Any CPU
		{453D71FB-ABBB-4CAF-86E8-C92E0A25CEA2}.Debug|Any CPU.Build.0 = Debug|Any CPU
		{453D71FB-ABBB-4CAF-86E8-C92E0A25CEA2}.Release|Any CPU.ActiveCfg = Release|Any CPU
		{453D71FB-ABBB-4CAF-86E8-C92E0A25CEA2}.Release|Any CPU.Build.0 = Release|Any CPU
		{E8633BA2-9DC9-45E8-B84F-09BA4B4B5DAF}.Debug|Any CPU.ActiveCfg = Debug|Any CPU
		{E8633BA2-9DC9-45E8-B84F-09BA4B4B5DAF}.Debug|Any CPU.Build.0 = Debug|Any CPU
		{E8633BA2-9DC9-45E8-B84F-09BA4B4B5DAF}.Release|Any CPU.ActiveCfg = Release|Any CPU
		{E8633BA2-9DC9-45E8-B84F-09BA4B4B5DAF}.Release|Any CPU.Build.0 = Release|Any CPU
		{4C4D404A-D660-41E9-8B3D-4EDE50DF820A}.Debug|Any CPU.ActiveCfg = Debug|Any CPU
		{4C4D404A-D660-41E9-8B3D-4EDE50DF820A}.Debug|Any CPU.Build.0 = Debug|Any CPU
		{4C4D404A-D660-41E9-8B3D-4EDE50DF820A}.Release|Any CPU.ActiveCfg = Release|Any CPU
		{4C4D404A-D660-41E9-8B3D-4EDE50DF820A}.Release|Any CPU.Build.0 = Release|Any CPU
		{A6367048-0FB7-4A08-B001-DC05B4CB5017}.Debug|Any CPU.ActiveCfg = Debug|Any CPU
		{A6367048-0FB7-4A08-B001-DC05B4CB5017}.Debug|Any CPU.Build.0 = Debug|Any CPU
		{A6367048-0FB7-4A08-B001-DC05B4CB5017}.Release|Any CPU.ActiveCfg = Release|Any CPU
		{A6367048-0FB7-4A08-B001-DC05B4CB5017}.Release|Any CPU.Build.0 = Release|Any CPU
		{97C8DD32-3026-44F9-820E-D02488BD9462}.Debug|Any CPU.ActiveCfg = Debug|Any CPU
		{97C8DD32-3026-44F9-820E-D02488BD9462}.Debug|Any CPU.Build.0 = Debug|Any CPU
		{97C8DD32-3026-44F9-820E-D02488BD9462}.Release|Any CPU.ActiveCfg = Release|Any CPU
		{97C8DD32-3026-44F9-820E-D02488BD9462}.Release|Any CPU.Build.0 = Release|Any CPU
	EndGlobalSection
	GlobalSection(SolutionProperties) = preSolution
		HideSolutionNode = FALSE
	EndGlobalSection
	GlobalSection(NestedProjects) = preSolution
		{98122AD0-3E5E-46A9-BC5E-CEAF3EC4FD0E} = {C76D29C6-BAF4-49FD-BBDF-A4CFEB49F9B9}
		{4AD0455D-D94C-43B9-95E9-63DCFD861ABC} = {C76D29C6-BAF4-49FD-BBDF-A4CFEB49F9B9}
		{7DDA7E93-A218-459A-9BB1-9836E74D175B} = {C76D29C6-BAF4-49FD-BBDF-A4CFEB49F9B9}
		{A0FDCFC8-39A3-407E-B256-34C91A8CAE68} = {C76D29C6-BAF4-49FD-BBDF-A4CFEB49F9B9}
		{C76D29C6-BAF4-49FD-BBDF-A4CFEB49F9B9} = {5ECA2574-82B2-47BD-87F5-43260BF93889}
		{FA90EC89-841B-432C-A674-DAD1F03EF12C} = {5ECA2574-82B2-47BD-87F5-43260BF93889}
		{453D71FB-ABBB-4CAF-86E8-C92E0A25CEA2} = {FA90EC89-841B-432C-A674-DAD1F03EF12C}
		{E8633BA2-9DC9-45E8-B84F-09BA4B4B5DAF} = {86B9C6D4-0CCC-4AC1-B7DC-0188C602C0F5}
		{86B9C6D4-0CCC-4AC1-B7DC-0188C602C0F5} = {5ECA2574-82B2-47BD-87F5-43260BF93889}
		{DBFF3D14-31A2-45F4-890F-9AD5D356CCB3} = {5ECA2574-82B2-47BD-87F5-43260BF93889}
		{4C4D404A-D660-41E9-8B3D-4EDE50DF820A} = {DBFF3D14-31A2-45F4-890F-9AD5D356CCB3}
		{A6367048-0FB7-4A08-B001-DC05B4CB5017} = {DBFF3D14-31A2-45F4-890F-9AD5D356CCB3}
		{97C8DD32-3026-44F9-820E-D02488BD9462} = {86B9C6D4-0CCC-4AC1-B7DC-0188C602C0F5}
	EndGlobalSection
	GlobalSection(ExtensibilityGlobals) = postSolution
		SolutionGuid = {1CF1CB9F-4293-4919-9EA9-1240250B2F2E}
	EndGlobalSection
EndGlobal
