
Microsoft Visual Studio Solution File, Format Version 12.00
# Visual Studio Version 16
VisualStudioVersion = 16.0.30320.27
MinimumVisualStudioVersion = 10.0.40219.1
Project("{2150E333-8FDC-42A3-9474-1A3956D46DE8}") = "src", "src", "{5ECA2574-82B2-47BD-87F5-43260BF93889}"
EndProject
Project("{2150E333-8FDC-42A3-9474-1A3956D46DE8}") = "test", "test", "{A3CACFA8-A4DA-4593-952E-814F095DF11A}"
EndProject
Project("{9A19103F-16F7-4668-BE54-9A1E7A4F7556}") = "VQLibs.Test.UnitTests", "test\VQLibs.Test.UnitTests\VQLibs.Test.UnitTests.csproj", "{3B544077-3F00-4978-AA1C-D67C29ED33C7}"
EndProject
Project("{FAE04EC0-301F-11D3-BF4B-00C04F79EFBC}") = "VQLib", "src\VQLib\VQLib.csproj", "{D7276C21-663B-4797-A6E8-32B4AF8BAAB6}"
EndProject
Project("{FAE04EC0-301F-11D3-BF4B-00C04F79EFBC}") = "VQLib.Api", "src\VQLib.Api\VQLib.Api.csproj", "{352E893C-C1DB-41C1-AAD7-020FC1DC4710}"
EndProject
Global
	GlobalSection(SolutionConfigurationPlatforms) = preSolution
		Debug|Any CPU = Debug|Any CPU
		Release|Any CPU = Release|Any CPU
	EndGlobalSection
	GlobalSection(ProjectConfigurationPlatforms) = postSolution
		{3B544077-3F00-4978-AA1C-D67C29ED33C7}.Debug|Any CPU.ActiveCfg = Debug|Any CPU
		{3B544077-3F00-4978-AA1C-D67C29ED33C7}.Debug|Any CPU.Build.0 = Debug|Any CPU
		{3B544077-3F00-4978-AA1C-D67C29ED33C7}.Release|Any CPU.ActiveCfg = Release|Any CPU
		{3B544077-3F00-4978-AA1C-D67C29ED33C7}.Release|Any CPU.Build.0 = Release|Any CPU
		{D7276C21-663B-4797-A6E8-32B4AF8BAAB6}.Debug|Any CPU.ActiveCfg = Debug|Any CPU
		{D7276C21-663B-4797-A6E8-32B4AF8BAAB6}.Debug|Any CPU.Build.0 = Debug|Any CPU
		{D7276C21-663B-4797-A6E8-32B4AF8BAAB6}.Release|Any CPU.ActiveCfg = Release|Any CPU
		{D7276C21-663B-4797-A6E8-32B4AF8BAAB6}.Release|Any CPU.Build.0 = Release|Any CPU
		{352E893C-C1DB-41C1-AAD7-020FC1DC4710}.Debug|Any CPU.ActiveCfg = Debug|Any CPU
		{352E893C-C1DB-41C1-AAD7-020FC1DC4710}.Debug|Any CPU.Build.0 = Debug|Any CPU
		{352E893C-C1DB-41C1-AAD7-020FC1DC4710}.Release|Any CPU.ActiveCfg = Release|Any CPU
		{352E893C-C1DB-41C1-AAD7-020FC1DC4710}.Release|Any CPU.Build.0 = Release|Any CPU
	EndGlobalSection
	GlobalSection(SolutionProperties) = preSolution
		HideSolutionNode = FALSE
	EndGlobalSection
	GlobalSection(NestedProjects) = preSolution
		{3B544077-3F00-4978-AA1C-D67C29ED33C7} = {A3CACFA8-A4DA-4593-952E-814F095DF11A}
		{D7276C21-663B-4797-A6E8-32B4AF8BAAB6} = {5ECA2574-82B2-47BD-87F5-43260BF93889}
		{352E893C-C1DB-41C1-AAD7-020FC1DC4710} = {5ECA2574-82B2-47BD-87F5-43260BF93889}
	EndGlobalSection
	GlobalSection(ExtensibilityGlobals) = postSolution
		SolutionGuid = {1CF1CB9F-4293-4919-9EA9-1240250B2F2E}
	EndGlobalSection
EndGlobal
