
Microsoft Visual Studio Solution File, Format Version 12.00
# Visual Studio Version 17
VisualStudioVersion = 17.0.32014.148
MinimumVisualStudioVersion = 10.0.40219.1
Project("{9A19103F-16F7-4668-BE54-9A1E7A4F7556}") = "VQLib", "VQLib\VQLib.csproj", "{D7276C21-663B-4797-A6E8-32B4AF8BAAB6}"
EndProject
Project("{9A19103F-16F7-4668-BE54-9A1E7A4F7556}") = "VQLib.Api", "VQLib.Api\VQLib.Api.csproj", "{352E893C-C1DB-41C1-AAD7-020FC1DC4710}"
EndProject
Project("{FAE04EC0-301F-11D3-BF4B-00C04F79EFBC}") = "VQLib.UnitTest", "VQLib.UnitTest\VQLib.UnitTest.csproj", "{B40C60CB-B263-4152-8B46-544D4B07B704}"
EndProject
Global
	GlobalSection(SolutionConfigurationPlatforms) = preSolution
		Debug|Any CPU = Debug|Any CPU
		Release|Any CPU = Release|Any CPU
	EndGlobalSection
	GlobalSection(ProjectConfigurationPlatforms) = postSolution
		{D7276C21-663B-4797-A6E8-32B4AF8BAAB6}.Debug|Any CPU.ActiveCfg = Debug|Any CPU
		{D7276C21-663B-4797-A6E8-32B4AF8BAAB6}.Debug|Any CPU.Build.0 = Debug|Any CPU
		{D7276C21-663B-4797-A6E8-32B4AF8BAAB6}.Release|Any CPU.ActiveCfg = Release|Any CPU
		{D7276C21-663B-4797-A6E8-32B4AF8BAAB6}.Release|Any CPU.Build.0 = Release|Any CPU
		{352E893C-C1DB-41C1-AAD7-020FC1DC4710}.Debug|Any CPU.ActiveCfg = Debug|Any CPU
		{352E893C-C1DB-41C1-AAD7-020FC1DC4710}.Debug|Any CPU.Build.0 = Debug|Any CPU
		{352E893C-C1DB-41C1-AAD7-020FC1DC4710}.Release|Any CPU.ActiveCfg = Release|Any CPU
		{352E893C-C1DB-41C1-AAD7-020FC1DC4710}.Release|Any CPU.Build.0 = Release|Any CPU
		{B40C60CB-B263-4152-8B46-544D4B07B704}.Debug|Any CPU.ActiveCfg = Debug|Any CPU
		{B40C60CB-B263-4152-8B46-544D4B07B704}.Debug|Any CPU.Build.0 = Debug|Any CPU
		{B40C60CB-B263-4152-8B46-544D4B07B704}.Release|Any CPU.ActiveCfg = Release|Any CPU
		{B40C60CB-B263-4152-8B46-544D4B07B704}.Release|Any CPU.Build.0 = Release|Any CPU
	EndGlobalSection
	GlobalSection(SolutionProperties) = preSolution
		HideSolutionNode = FALSE
	EndGlobalSection
	GlobalSection(ExtensibilityGlobals) = postSolution
		SolutionGuid = {1CF1CB9F-4293-4919-9EA9-1240250B2F2E}
	EndGlobalSection
EndGlobal
