
Microsoft Visual Studio Solution File, Format Version 12.00
# Visual Studio Version 17
VisualStudioVersion = 17.0.32014.148
MinimumVisualStudioVersion = 10.0.40219.1
Project("{9A19103F-16F7-4668-BE54-9A1E7A4F7556}") = "VQLib", "VQLib\VQLib.csproj", "{D7276C21-663B-4797-A6E8-32B4AF8BAAB6}"
EndProject
Project("{9A19103F-16F7-4668-BE54-9A1E7A4F7556}") = "VQLib.UnitTest", "VQLib.UnitTest\VQLib.UnitTest.csproj", "{B40C60CB-B263-4152-8B46-544D4B07B704}"
EndProject
Project("{9A19103F-16F7-4668-BE54-9A1E7A4F7556}") = "VQLib.Azure", "VQLib.Azure\VQLib.Azure.csproj", "{C898B0B8-962C-4DD0-821C-D83080EEA428}"
EndProject
Project("{9A19103F-16F7-4668-BE54-9A1E7A4F7556}") = "VQLib.Aws", "VQLib.Aws\VQLib.Aws.csproj", "{DAA83D97-7384-411B-95B0-B9270B57916F}"
EndProject
Project("{9A19103F-16F7-4668-BE54-9A1E7A4F7556}") = "VQLib.Crypt", "VQLib.Crypt\VQLib.Crypt.csproj", "{D07664F3-67A5-461C-AC44-C2E3CFECFE2E}"
EndProject
Project("{9A19103F-16F7-4668-BE54-9A1E7A4F7556}") = "VQLib.Jwt", "VQLib.Jwt\VQLib.Jwt.csproj", "{4D603B70-8A33-4203-9ADA-C26FB97D4352}"
EndProject
Project("{9A19103F-16F7-4668-BE54-9A1E7A4F7556}") = "VQLib.Util", "VQLib.Util\VQLib.Util.csproj", "{3252698E-9478-4106-B917-0B8918EE0F09}"
EndProject
Project("{9A19103F-16F7-4668-BE54-9A1E7A4F7556}") = "VQLib.Aws.Sqs", "VQLib.Aws.Sqs\VQLib.Aws.Sqs.csproj", "{274E4C6C-0098-41AC-A208-EE3D4E680E4F}"
EndProject
Project("{9A19103F-16F7-4668-BE54-9A1E7A4F7556}") = "VQLib.Aws.S3", "VQLib.Aws.S3\VQLib.Aws.S3.csproj", "{484CA9F7-0AB3-4A7B-A92B-6D0498F84CAB}"
EndProject
Project("{9A19103F-16F7-4668-BE54-9A1E7A4F7556}") = "VQLib.Azure.Storage.Blob", "VQLib.Azure.Storage.Blob\VQLib.Azure.Storage.Blob.csproj", "{85BF9499-71A7-452C-882D-3DD2C31F6502}"
EndProject
Project("{9A19103F-16F7-4668-BE54-9A1E7A4F7556}") = "VQLib.Azure.Storage.Queue", "VQLib.Azure.Storage.Queue\VQLib.Azure.Storage.Queue.csproj", "{C4F2185E-75D4-44B5-81C0-66549DE19DA5}"
EndProject
Project("{9A19103F-16F7-4668-BE54-9A1E7A4F7556}") = "VQLib.Relational", "VQLib.Relational\VQLib.Relational.csproj", "{2089E37D-3655-4DF8-B73E-6B1DFAC827DB}"
EndProject
Project("{9A19103F-16F7-4668-BE54-9A1E7A4F7556}") = "VQLib.Email", "VQLib.Email\VQLib.Email.csproj", "{ACEC71F6-4319-4C1F-9ECD-0656BCC4D7DE}"
EndProject
Project("{9A19103F-16F7-4668-BE54-9A1E7A4F7556}") = "VQLib.MemoryCache", "VQLib.MemoryCache\VQLib.MemoryCache.csproj", "{9D3F1670-1C2A-479B-95E3-A97A212ADF92}"
EndProject
Project("{2150E333-8FDC-42A3-9474-1A3956D46DE8}") = "src", "src", "{097E50C3-9574-4D5E-9D26-25E0A1C244E6}"
EndProject
Project("{2150E333-8FDC-42A3-9474-1A3956D46DE8}") = "test", "test", "{BE7C5C55-770B-4E28-9457-868C1BB74308}"
EndProject
Project("{9A19103F-16F7-4668-BE54-9A1E7A4F7556}") = "VQLib.Jwt.AspNet", "VQLib.Jwt.AspNet\VQLib.Jwt.AspNet.csproj", "{0DAADFF5-61AC-4B4B-A852-78A67E1D98EB}"
EndProject
Project("{9A19103F-16F7-4668-BE54-9A1E7A4F7556}") = "VQLib.Relational.AspNet", "VQLib.Relational.AspNet\VQLib.Relational.AspNet.csproj", "{13B113A1-7EC6-419A-8142-1C8732519C6B}"
EndProject
Project("{9A19103F-16F7-4668-BE54-9A1E7A4F7556}") = "VQLib.Swagger", "VQLib.Swagger\VQLib.Swagger.csproj", "{B8FE02C4-EAD0-4939-A217-DB6FA6706D3F}"
EndProject
Project("{9A19103F-16F7-4668-BE54-9A1E7A4F7556}") = "VQLib.Session", "VQLib.Session\VQLib.Session.csproj", "{D087AE53-2E9A-4400-9B1D-EE8BED20816A}"
EndProject
Project("{9A19103F-16F7-4668-BE54-9A1E7A4F7556}") = "VQLib.Enumerator", "VQLib.Enumerator\VQLib.Enumerator.csproj", "{6CE02F2C-ADE6-4E49-9289-5E2C529B8F89}"
EndProject
Project("{9A19103F-16F7-4668-BE54-9A1E7A4F7556}") = "VQLib.Azure.ServiceBus", "VQLib.Azure.ServiceBus\VQLib.Azure.ServiceBus.csproj", "{688E20C7-F292-48C9-B613-C00E73F4E05B}"
EndProject
Project("{9A19103F-16F7-4668-BE54-9A1E7A4F7556}") = "VQLib.Azure.EventHub", "VQLib.Azure.EventHub\VQLib.Azure.EventHub.csproj", "{F32CC986-E64C-4820-9665-E6CC2A26250B}"
EndProject
Project("{2150E333-8FDC-42A3-9474-1A3956D46DE8}") = "AWS", "AWS", "{688D8469-0441-4A85-B0B6-C0571C0809CC}"
EndProject
Project("{2150E333-8FDC-42A3-9474-1A3956D46DE8}") = "Azure", "Azure", "{4D411511-A920-4204-8830-41FCD248CF92}"
EndProject
Global
	GlobalSection(SolutionConfigurationPlatforms) = preSolution
		Debug|Any CPU = Debug|Any CPU
		Release|Any CPU = Release|Any CPU
	EndGlobalSection
	GlobalSection(ProjectConfigurationPlatforms) = postSolution
		{D7276C21-663B-4797-A6E8-32B4AF8BAAB6}.Debug|Any CPU.ActiveCfg = Debug|Any CPU
		{D7276C21-663B-4797-A6E8-32B4AF8BAAB6}.Debug|Any CPU.Build.0 = Debug|Any CPU
		{D7276C21-663B-4797-A6E8-32B4AF8BAAB6}.Release|Any CPU.ActiveCfg = Release|Any CPU
		{D7276C21-663B-4797-A6E8-32B4AF8BAAB6}.Release|Any CPU.Build.0 = Release|Any CPU
		{B40C60CB-B263-4152-8B46-544D4B07B704}.Debug|Any CPU.ActiveCfg = Debug|Any CPU
		{B40C60CB-B263-4152-8B46-544D4B07B704}.Debug|Any CPU.Build.0 = Debug|Any CPU
		{B40C60CB-B263-4152-8B46-544D4B07B704}.Release|Any CPU.ActiveCfg = Release|Any CPU
		{B40C60CB-B263-4152-8B46-544D4B07B704}.Release|Any CPU.Build.0 = Release|Any CPU
		{C898B0B8-962C-4DD0-821C-D83080EEA428}.Debug|Any CPU.ActiveCfg = Debug|Any CPU
		{C898B0B8-962C-4DD0-821C-D83080EEA428}.Debug|Any CPU.Build.0 = Debug|Any CPU
		{C898B0B8-962C-4DD0-821C-D83080EEA428}.Release|Any CPU.ActiveCfg = Release|Any CPU
		{C898B0B8-962C-4DD0-821C-D83080EEA428}.Release|Any CPU.Build.0 = Release|Any CPU
		{DAA83D97-7384-411B-95B0-B9270B57916F}.Debug|Any CPU.ActiveCfg = Debug|Any CPU
		{DAA83D97-7384-411B-95B0-B9270B57916F}.Debug|Any CPU.Build.0 = Debug|Any CPU
		{DAA83D97-7384-411B-95B0-B9270B57916F}.Release|Any CPU.ActiveCfg = Release|Any CPU
		{DAA83D97-7384-411B-95B0-B9270B57916F}.Release|Any CPU.Build.0 = Release|Any CPU
		{D07664F3-67A5-461C-AC44-C2E3CFECFE2E}.Debug|Any CPU.ActiveCfg = Debug|Any CPU
		{D07664F3-67A5-461C-AC44-C2E3CFECFE2E}.Debug|Any CPU.Build.0 = Debug|Any CPU
		{D07664F3-67A5-461C-AC44-C2E3CFECFE2E}.Release|Any CPU.ActiveCfg = Release|Any CPU
		{D07664F3-67A5-461C-AC44-C2E3CFECFE2E}.Release|Any CPU.Build.0 = Release|Any CPU
		{4D603B70-8A33-4203-9ADA-C26FB97D4352}.Debug|Any CPU.ActiveCfg = Debug|Any CPU
		{4D603B70-8A33-4203-9ADA-C26FB97D4352}.Debug|Any CPU.Build.0 = Debug|Any CPU
		{4D603B70-8A33-4203-9ADA-C26FB97D4352}.Release|Any CPU.ActiveCfg = Release|Any CPU
		{4D603B70-8A33-4203-9ADA-C26FB97D4352}.Release|Any CPU.Build.0 = Release|Any CPU
		{3252698E-9478-4106-B917-0B8918EE0F09}.Debug|Any CPU.ActiveCfg = Debug|Any CPU
		{3252698E-9478-4106-B917-0B8918EE0F09}.Debug|Any CPU.Build.0 = Debug|Any CPU
		{3252698E-9478-4106-B917-0B8918EE0F09}.Release|Any CPU.ActiveCfg = Release|Any CPU
		{3252698E-9478-4106-B917-0B8918EE0F09}.Release|Any CPU.Build.0 = Release|Any CPU
		{274E4C6C-0098-41AC-A208-EE3D4E680E4F}.Debug|Any CPU.ActiveCfg = Debug|Any CPU
		{274E4C6C-0098-41AC-A208-EE3D4E680E4F}.Debug|Any CPU.Build.0 = Debug|Any CPU
		{274E4C6C-0098-41AC-A208-EE3D4E680E4F}.Release|Any CPU.ActiveCfg = Release|Any CPU
		{274E4C6C-0098-41AC-A208-EE3D4E680E4F}.Release|Any CPU.Build.0 = Release|Any CPU
		{484CA9F7-0AB3-4A7B-A92B-6D0498F84CAB}.Debug|Any CPU.ActiveCfg = Debug|Any CPU
		{484CA9F7-0AB3-4A7B-A92B-6D0498F84CAB}.Debug|Any CPU.Build.0 = Debug|Any CPU
		{484CA9F7-0AB3-4A7B-A92B-6D0498F84CAB}.Release|Any CPU.ActiveCfg = Release|Any CPU
		{484CA9F7-0AB3-4A7B-A92B-6D0498F84CAB}.Release|Any CPU.Build.0 = Release|Any CPU
		{85BF9499-71A7-452C-882D-3DD2C31F6502}.Debug|Any CPU.ActiveCfg = Debug|Any CPU
		{85BF9499-71A7-452C-882D-3DD2C31F6502}.Debug|Any CPU.Build.0 = Debug|Any CPU
		{85BF9499-71A7-452C-882D-3DD2C31F6502}.Release|Any CPU.ActiveCfg = Release|Any CPU
		{85BF9499-71A7-452C-882D-3DD2C31F6502}.Release|Any CPU.Build.0 = Release|Any CPU
		{C4F2185E-75D4-44B5-81C0-66549DE19DA5}.Debug|Any CPU.ActiveCfg = Debug|Any CPU
		{C4F2185E-75D4-44B5-81C0-66549DE19DA5}.Debug|Any CPU.Build.0 = Debug|Any CPU
		{C4F2185E-75D4-44B5-81C0-66549DE19DA5}.Release|Any CPU.ActiveCfg = Release|Any CPU
		{C4F2185E-75D4-44B5-81C0-66549DE19DA5}.Release|Any CPU.Build.0 = Release|Any CPU
		{2089E37D-3655-4DF8-B73E-6B1DFAC827DB}.Debug|Any CPU.ActiveCfg = Debug|Any CPU
		{2089E37D-3655-4DF8-B73E-6B1DFAC827DB}.Debug|Any CPU.Build.0 = Debug|Any CPU
		{2089E37D-3655-4DF8-B73E-6B1DFAC827DB}.Release|Any CPU.ActiveCfg = Release|Any CPU
		{2089E37D-3655-4DF8-B73E-6B1DFAC827DB}.Release|Any CPU.Build.0 = Release|Any CPU
		{ACEC71F6-4319-4C1F-9ECD-0656BCC4D7DE}.Debug|Any CPU.ActiveCfg = Debug|Any CPU
		{ACEC71F6-4319-4C1F-9ECD-0656BCC4D7DE}.Debug|Any CPU.Build.0 = Debug|Any CPU
		{ACEC71F6-4319-4C1F-9ECD-0656BCC4D7DE}.Release|Any CPU.ActiveCfg = Release|Any CPU
		{ACEC71F6-4319-4C1F-9ECD-0656BCC4D7DE}.Release|Any CPU.Build.0 = Release|Any CPU
		{9D3F1670-1C2A-479B-95E3-A97A212ADF92}.Debug|Any CPU.ActiveCfg = Debug|Any CPU
		{9D3F1670-1C2A-479B-95E3-A97A212ADF92}.Debug|Any CPU.Build.0 = Debug|Any CPU
		{9D3F1670-1C2A-479B-95E3-A97A212ADF92}.Release|Any CPU.ActiveCfg = Release|Any CPU
		{9D3F1670-1C2A-479B-95E3-A97A212ADF92}.Release|Any CPU.Build.0 = Release|Any CPU
		{0DAADFF5-61AC-4B4B-A852-78A67E1D98EB}.Debug|Any CPU.ActiveCfg = Debug|Any CPU
		{0DAADFF5-61AC-4B4B-A852-78A67E1D98EB}.Debug|Any CPU.Build.0 = Debug|Any CPU
		{0DAADFF5-61AC-4B4B-A852-78A67E1D98EB}.Release|Any CPU.ActiveCfg = Release|Any CPU
		{0DAADFF5-61AC-4B4B-A852-78A67E1D98EB}.Release|Any CPU.Build.0 = Release|Any CPU
		{13B113A1-7EC6-419A-8142-1C8732519C6B}.Debug|Any CPU.ActiveCfg = Debug|Any CPU
		{13B113A1-7EC6-419A-8142-1C8732519C6B}.Debug|Any CPU.Build.0 = Debug|Any CPU
		{13B113A1-7EC6-419A-8142-1C8732519C6B}.Release|Any CPU.ActiveCfg = Release|Any CPU
		{13B113A1-7EC6-419A-8142-1C8732519C6B}.Release|Any CPU.Build.0 = Release|Any CPU
		{B8FE02C4-EAD0-4939-A217-DB6FA6706D3F}.Debug|Any CPU.ActiveCfg = Debug|Any CPU
		{B8FE02C4-EAD0-4939-A217-DB6FA6706D3F}.Debug|Any CPU.Build.0 = Debug|Any CPU
		{B8FE02C4-EAD0-4939-A217-DB6FA6706D3F}.Release|Any CPU.ActiveCfg = Release|Any CPU
		{B8FE02C4-EAD0-4939-A217-DB6FA6706D3F}.Release|Any CPU.Build.0 = Release|Any CPU
		{D087AE53-2E9A-4400-9B1D-EE8BED20816A}.Debug|Any CPU.ActiveCfg = Debug|Any CPU
		{D087AE53-2E9A-4400-9B1D-EE8BED20816A}.Debug|Any CPU.Build.0 = Debug|Any CPU
		{D087AE53-2E9A-4400-9B1D-EE8BED20816A}.Release|Any CPU.ActiveCfg = Release|Any CPU
		{D087AE53-2E9A-4400-9B1D-EE8BED20816A}.Release|Any CPU.Build.0 = Release|Any CPU
		{6CE02F2C-ADE6-4E49-9289-5E2C529B8F89}.Debug|Any CPU.ActiveCfg = Debug|Any CPU
		{6CE02F2C-ADE6-4E49-9289-5E2C529B8F89}.Debug|Any CPU.Build.0 = Debug|Any CPU
		{6CE02F2C-ADE6-4E49-9289-5E2C529B8F89}.Release|Any CPU.ActiveCfg = Release|Any CPU
		{6CE02F2C-ADE6-4E49-9289-5E2C529B8F89}.Release|Any CPU.Build.0 = Release|Any CPU
		{688E20C7-F292-48C9-B613-C00E73F4E05B}.Debug|Any CPU.ActiveCfg = Debug|Any CPU
		{688E20C7-F292-48C9-B613-C00E73F4E05B}.Debug|Any CPU.Build.0 = Debug|Any CPU
		{688E20C7-F292-48C9-B613-C00E73F4E05B}.Release|Any CPU.ActiveCfg = Release|Any CPU
		{688E20C7-F292-48C9-B613-C00E73F4E05B}.Release|Any CPU.Build.0 = Release|Any CPU
		{F32CC986-E64C-4820-9665-E6CC2A26250B}.Debug|Any CPU.ActiveCfg = Debug|Any CPU
		{F32CC986-E64C-4820-9665-E6CC2A26250B}.Debug|Any CPU.Build.0 = Debug|Any CPU
		{F32CC986-E64C-4820-9665-E6CC2A26250B}.Release|Any CPU.ActiveCfg = Release|Any CPU
		{F32CC986-E64C-4820-9665-E6CC2A26250B}.Release|Any CPU.Build.0 = Release|Any CPU
	EndGlobalSection
	GlobalSection(SolutionProperties) = preSolution
		HideSolutionNode = FALSE
	EndGlobalSection
	GlobalSection(NestedProjects) = preSolution
		{D7276C21-663B-4797-A6E8-32B4AF8BAAB6} = {097E50C3-9574-4D5E-9D26-25E0A1C244E6}
		{B40C60CB-B263-4152-8B46-544D4B07B704} = {BE7C5C55-770B-4E28-9457-868C1BB74308}
		{C898B0B8-962C-4DD0-821C-D83080EEA428} = {4D411511-A920-4204-8830-41FCD248CF92}
		{DAA83D97-7384-411B-95B0-B9270B57916F} = {688D8469-0441-4A85-B0B6-C0571C0809CC}
		{D07664F3-67A5-461C-AC44-C2E3CFECFE2E} = {097E50C3-9574-4D5E-9D26-25E0A1C244E6}
		{4D603B70-8A33-4203-9ADA-C26FB97D4352} = {097E50C3-9574-4D5E-9D26-25E0A1C244E6}
		{3252698E-9478-4106-B917-0B8918EE0F09} = {097E50C3-9574-4D5E-9D26-25E0A1C244E6}
		{274E4C6C-0098-41AC-A208-EE3D4E680E4F} = {688D8469-0441-4A85-B0B6-C0571C0809CC}
		{484CA9F7-0AB3-4A7B-A92B-6D0498F84CAB} = {688D8469-0441-4A85-B0B6-C0571C0809CC}
		{85BF9499-71A7-452C-882D-3DD2C31F6502} = {4D411511-A920-4204-8830-41FCD248CF92}
		{C4F2185E-75D4-44B5-81C0-66549DE19DA5} = {4D411511-A920-4204-8830-41FCD248CF92}
		{2089E37D-3655-4DF8-B73E-6B1DFAC827DB} = {097E50C3-9574-4D5E-9D26-25E0A1C244E6}
		{ACEC71F6-4319-4C1F-9ECD-0656BCC4D7DE} = {097E50C3-9574-4D5E-9D26-25E0A1C244E6}
		{9D3F1670-1C2A-479B-95E3-A97A212ADF92} = {097E50C3-9574-4D5E-9D26-25E0A1C244E6}
		{0DAADFF5-61AC-4B4B-A852-78A67E1D98EB} = {097E50C3-9574-4D5E-9D26-25E0A1C244E6}
		{13B113A1-7EC6-419A-8142-1C8732519C6B} = {097E50C3-9574-4D5E-9D26-25E0A1C244E6}
		{B8FE02C4-EAD0-4939-A217-DB6FA6706D3F} = {097E50C3-9574-4D5E-9D26-25E0A1C244E6}
		{D087AE53-2E9A-4400-9B1D-EE8BED20816A} = {097E50C3-9574-4D5E-9D26-25E0A1C244E6}
		{6CE02F2C-ADE6-4E49-9289-5E2C529B8F89} = {097E50C3-9574-4D5E-9D26-25E0A1C244E6}
		{688E20C7-F292-48C9-B613-C00E73F4E05B} = {4D411511-A920-4204-8830-41FCD248CF92}
		{F32CC986-E64C-4820-9665-E6CC2A26250B} = {4D411511-A920-4204-8830-41FCD248CF92}
		{688D8469-0441-4A85-B0B6-C0571C0809CC} = {097E50C3-9574-4D5E-9D26-25E0A1C244E6}
		{4D411511-A920-4204-8830-41FCD248CF92} = {097E50C3-9574-4D5E-9D26-25E0A1C244E6}
	EndGlobalSection
	GlobalSection(ExtensibilityGlobals) = postSolution
		SolutionGuid = {1CF1CB9F-4293-4919-9EA9-1240250B2F2E}
	EndGlobalSection
EndGlobal
